PODS:
  - FacebookCore (0.7.0):
    - FBSDKCoreKit (~> 5.0)
  - FacebookShare (0.7.0):
    - FacebookCore (~> 0.7)
    - FBSDKCoreKit (~> 5.0)
    - FBSDKShareKit (~> 5.0)
  - FBSDKCoreKit (5.2.3):
    - FBSDKCoreKit/Basics (= 5.2.3)
    - FBSDKCoreKit/Core (= 5.2.3)
  - FBSDKCoreKit/Basics (5.2.3)
  - FBSDKCoreKit/Core (5.2.3):
    - FBSDKCoreKit/Basics
  - FBSDKShareKit (5.2.3):
    - FBSDKCoreKit (~> 5.0)
  - Nimble (8.0.2)
  - Quick (2.1.0)
  - SwiftyJSON (5.0.0)

DEPENDENCIES:
  - FacebookShare
  - Nimble
  - Quick
  - SwiftyJSON

SPEC REPOS:
  https://github.com/cocoapods/specs.git:
    - FacebookCore
    - FacebookShare
    - FBSDKCoreKit
    - FBSDKShareKit
    - Nimble
    - Quick
    - SwiftyJSON

SPEC CHECKSUMS:
  FacebookCore: 4eee98476cb37a485af5d337eb21f8cd5b3c7e6c
  FacebookShare: dd4954712db61e078aea483bdf89e1b2ae3574b5
  FBSDKCoreKit: 5154c35d9058fd7dfa0445ba19e194c4b172fc32
  FBSDKShareKit: 6f9c622f9a5d051f43f2dab6f753d5198422b89c
  Nimble: 622629381bda1dd5678162f21f1368cec7cbba60
  Quick: 4be43f6634acfa727dd106bdf3929ce125ffa79d
  SwiftyJSON: 36413e04c44ee145039d332b4f4e2d3e8d6c4db7

PODFILE CHECKSUM: 28f6397e3ce4b1c0258bb51e941d6155f9477e75

COCOAPODS: 1.5.3
